// !$*UTF8*$!
{
	archiveVersion = 1;
	classes = {
	};
	objectVersion = 46;
	objects = {

/* Begin PBXBuildFile section */
		760370CD165A088A003C1F08 /* UIKit.framework in Frameworks */ = {isa = PBXBuildFile; fileRef = 760370CC165A088A003C1F08 /* UIKit.framework */; };
		760370CF165A088A003C1F08 /* Foundation.framework in Frameworks */ = {isa = PBXBuildFile; fileRef = 760370CE165A088A003C1F08 /* Foundation.framework */; };
		760370D1165A088A003C1F08 /* CoreGraphics.framework in Frameworks */ = {isa = PBXBuildFile; fileRef = 760370D0165A088A003C1F08 /* CoreGraphics.framework */; };
		760370D7165A088A003C1F08 /* InfoPlist.strings in Resources */ = {isa = PBXBuildFile; fileRef = 760370D5165A088A003C1F08 /* InfoPlist.strings */; };
		760370D9165A088A003C1F08 /* main.m in Sources */ = {isa = PBXBuildFile; fileRef = 760370D8165A088A003C1F08 /* main.m */; };
		760370DD165A088A003C1F08 /* DemoAppDelegate.m in Sources */ = {isa = PBXBuildFile; fileRef = 760370DC165A088A003C1F08 /* DemoAppDelegate.m */; };
		760370E0165A088A003C1F08 /* DemoViewController.m in Sources */ = {isa = PBXBuildFile; fileRef = 760370DF165A088A003C1F08 /* DemoViewController.m */; };
		760370E3165A088A003C1F08 /* DemoViewController.xib in Resources */ = {isa = PBXBuildFile; fileRef = 760370E1165A088A003C1F08 /* DemoViewController.xib */; };
		760370EE165AC359003C1F08 /* ListObject.m in Sources */ = {isa = PBXBuildFile; fileRef = 760370ED165AC359003C1F08 /* ListObject.m */; };
/* End PBXBuildFile section */

/* Begin PBXFileReference section */
		760370C8165A088A003C1F08 /* iOSTableViewDemo.app */ = {isa = PBXFileReference; explicitFileType = wrapper.application; includeInIndex = 0; path = iOSTableViewDemo.app; sourceTree = BUILT_PRODUCTS_DIR; };
		760370CC165A088A003C1F08 /* UIKit.framework */ = {isa = PBXFileReference; lastKnownFileType = wrapper.framework; name = UIKit.framework; path = System/Library/Frameworks/UIKit.framework; sourceTree = SDKROOT; };
		760370CE165A088A003C1F08 /* Foundation.framework */ = {isa = PBXFileReference; lastKnownFileType = wrapper.framework; name = Foundation.framework; path = System/Library/Frameworks/Foundation.framework; sourceTree = SDKROOT; };
		760370D0165A088A003C1F08 /* CoreGraphics.framework */ = {isa = PBXFileReference; lastKnownFileType = wrapper.framework; name = CoreGraphics.framework; path = System/Library/Frameworks/CoreGraphics.framework; sourceTree = SDKROOT; };
		760370D4165A088A003C1F08 /* iOSTableViewDemo-Info.plist */ = {isa = PBXFileReference; lastKnownFileType = text.plist.xml; path = "iOSTableViewDemo-Info.plist"; sourceTree = "<group>"; };
		760370D6165A088A003C1F08 /* en */ = {isa = PBXFileReference; lastKnownFileType = text.plist.strings; name = en; path = en.lproj/InfoPlist.strings; sourceTree = "<group>"; };
		760370D8165A088A003C1F08 /* main.m */ = {isa = PBXFileReference; lastKnownFileType = sourcecode.c.objc; path = main.m; sourceTree = "<group>"; };
		760370DA165A088A003C1F08 /* iOSTableViewDemo-Prefix.pch */ = {isa = PBXFileReference; lastKnownFileType = sourcecode.c.h; path = "iOSTableViewDemo-Prefix.pch"; sourceTree = "<group>"; };
		760370DB165A088A003C1F08 /* DemoAppDelegate.h */ = {isa = PBXFileReference; lastKnownFileType = sourcecode.c.h; path = DemoAppDelegate.h; sourceTree = "<group>"; };
		760370DC165A088A003C1F08 /* DemoAppDelegate.m */ = {isa = PBXFileReference; lastKnownFileType = sourcecode.c.objc; path = DemoAppDelegate.m; sourceTree = "<group>"; };
		760370DE165A088A003C1F08 /* DemoViewController.h */ = {isa = PBXFileReference; lastKnownFileType = sourcecode.c.h; path = DemoViewController.h; sourceTree = "<group>"; };
		760370DF165A088A003C1F08 /* DemoViewController.m */ = {isa = PBXFileReference; lastKnownFileType = sourcecode.c.objc; path = DemoViewController.m; sourceTree = "<group>"; };
		760370E2165A088A003C1F08 /* en */ = {isa = PBXFileReference; lastKnownFileType = file.xib; name = en; path = en.lproj/DemoViewController.xib; sourceTree = "<group>"; };
		760370EC165AC359003C1F08 /* ListObject.h */ = {isa = PBXFileReference; fileEncoding = 4; lastKnownFileType = sourcecode.c.h; path = ListObject.h; sourceTree = "<group>"; };
		760370ED165AC359003C1F08 /* ListObject.m */ = {isa = PBXFileReference; fileEncoding = 4; lastKnownFileType = sourcecode.c.objc; path = ListObject.m; sourceTree = "<group>"; };
/* End PBXFileReference section */

/* Begin PBXFrameworksBuildPhase section */
		760370C5165A088A003C1F08 /* Frameworks */ = {
			isa = PBXFrameworksBuildPhase;
			buildActionMask = 2147483647;
			files = (
				760370CD165A088A003C1F08 /* UIKit.framework in Frameworks */,
				760370CF165A088A003C1F08 /* Foundation.framework in Frameworks */,
				760370D1165A088A003C1F08 /* CoreGraphics.framework in Frameworks */,
			);
			runOnlyForDeploymentPostprocessing = 0;
		};
/* End PBXFrameworksBuildPhase section */

/* Begin PBXGroup section */
		760370BD165A088A003C1F08 = {
			isa = PBXGroup;
			children = (
				760370D2165A088A003C1F08 /* Classes */,
				760370CB165A088A003C1F08 /* Frameworks */,
				760370C9165A088A003C1F08 /* Products */,
			);
			sourceTree = "<group>";
		};
		760370C9165A088A003C1F08 /* Products */ = {
			isa = PBXGroup;
			children = (
				760370C8165A088A003C1F08 /* iOSTableViewDemo.app */,
			);
			name = Products;
			sourceTree = "<group>";
		};
		760370CB165A088A003C1F08 /* Frameworks */ = {
			isa = PBXGroup;
			children = (
				760370CC165A088A003C1F08 /* UIKit.framework */,
				760370CE165A088A003C1F08 /* Foundation.framework */,
				760370D0165A088A003C1F08 /* CoreGraphics.framework */,
			);
			name = Frameworks;
			sourceTree = "<group>";
		};
		760370D2165A088A003C1F08 /* Classes */ = {
			isa = PBXGroup;
			children = (
				760370EC165AC359003C1F08 /* ListObject.h */,
				760370ED165AC359003C1F08 /* ListObject.m */,
				760370DB165A088A003C1F08 /* DemoAppDelegate.h */,
				760370DC165A088A003C1F08 /* DemoAppDelegate.m */,
				760370DE165A088A003C1F08 /* DemoViewController.h */,
				760370DF165A088A003C1F08 /* DemoViewController.m */,
				760370E1165A088A003C1F08 /* DemoViewController.xib */,
				760370D3165A088A003C1F08 /* Supporting Files */,
			);
			name = Classes;
			path = DemonstrationApp;
			sourceTree = "<group>";
		};
		760370D3165A088A003C1F08 /* Supporting Files */ = {
			isa = PBXGroup;
			children = (
				760370D4165A088A003C1F08 /* iOSTableViewDemo-Info.plist */,
				760370D5165A088A003C1F08 /* InfoPlist.strings */,
				760370D8165A088A003C1F08 /* main.m */,
				760370DA165A088A003C1F08 /* iOSTableViewDemo-Prefix.pch */,
			);
			name = "Supporting Files";
			sourceTree = "<group>";
		};
/* End PBXGroup section */

/* Begin PBXNativeTarget section */
		760370C7165A088A003C1F08 /* iOSTableViewDemo */ = {
			isa = PBXNativeTarget;
			buildConfigurationList = 760370E6165A088A003C1F08 /* Build configuration list for PBXNativeTarget "iOSTableViewDemo" */;
			buildPhases = (
				760370C4165A088A003C1F08 /* Sources */,
				760370C5165A088A003C1F08 /* Frameworks */,
				760370C6165A088A003C1F08 /* Resources */,
			);
			buildRules = (
			);
			dependencies = (
			);
			name = iOSTableViewDemo;
			productName = DemonstrationApp;
			productReference = 760370C8165A088A003C1F08 /* iOSTableViewDemo.app */;
			productType = "com.apple.product-type.application";
		};
/* End PBXNativeTarget section */

/* Begin PBXProject section */
		760370BF165A088A003C1F08 /* Project object */ = {
			isa = PBXProject;
			attributes = {
				CLASSPREFIX = Demo;
				LastUpgradeCheck = 0430;
			};
			buildConfigurationList = 760370C2165A088A003C1F08 /* Build configuration list for PBXProject "iOSTableViewDemo" */;
			compatibilityVersion = "Xcode 3.2";
			developmentRegion = English;
			hasScannedForEncodings = 0;
			knownRegions = (
				en,
			);
			mainGroup = 760370BD165A088A003C1F08;
			productRefGroup = 760370C9165A088A003C1F08 /* Products */;
			projectDirPath = "";
			projectRoot = "";
			targets = (
				760370C7165A088A003C1F08 /* iOSTableViewDemo */,
			);
		};
/* End PBXProject section */

/* Begin PBXResourcesBuildPhase section */
		760370C6165A088A003C1F08 /* Resources */ = {
			isa = PBXResourcesBuildPhase;
			buildActionMask = 2147483647;
			files = (
				760370D7165A088A003C1F08 /* InfoPlist.strings in Resources */,
				760370E3165A088A003C1F08 /* DemoViewController.xib in Resources */,
			);
			runOnlyForDeploymentPostprocessing = 0;
		};
/* End PBXResourcesBuildPhase section */

/* Begin PBXSourcesBuildPhase section */
		760370C4165A088A003C1F08 /* Sources */ = {
			isa = PBXSourcesBuildPhase;
			buildActionMask = 2147483647;
			files = (
				760370D9165A088A003C1F08 /* main.m in Sources */,
				760370DD165A088A003C1F08 /* DemoAppDelegate.m in Sources */,
				760370E0165A088A003C1F08 /* DemoViewController.m in Sources */,
				760370EE165AC359003C1F08 /* ListObject.m in Sources */,
			);
			runOnlyForDeploymentPostprocessing = 0;
		};
/* End PBXSourcesBuildPhase section */

/* Begin PBXVariantGroup section */
		760370D5165A088A003C1F08 /* InfoPlist.strings */ = {
			isa = PBXVariantGroup;
			children = (
				760370D6165A088A003C1F08 /* en */,
			);
			name = InfoPlist.strings;
			sourceTree = "<group>";
		};
		760370E1165A088A003C1F08 /* DemoViewController.xib */ = {
			isa = PBXVariantGroup;
			children = (
				760370E2165A088A003C1F08 /* en */,
			);
			name = DemoViewController.xib;
			sourceTree = "<group>";
		};
/* End PBXVariantGroup section */

/* Begin XCBuildConfiguration section */
		760370E4165A088A003C1F08 /* Debug */ = {
			isa = XCBuildConfiguration;
			buildSettings = {
				ALWAYS_SEARCH_USER_PATHS = NO;
				ARCHS = "$(ARCHS_STANDARD_32_BIT)";
				"CODE_SIGN_IDENTITY[sdk=iphoneos*]" = "iPhone Developer";
				COPY_PHASE_STRIP = NO;
				GCC_C_LANGUAGE_STANDARD = gnu99;
				GCC_DYNAMIC_NO_PIC = NO;
				GCC_OPTIMIZATION_LEVEL = 0;
				GCC_PREPROCESSOR_DEFINITIONS = (
					"DEBUG=1",
					"$(inherited)",
				);
				GCC_SYMBOLS_PRIVATE_EXTERN = NO;
				GCC_VERSION = com.apple.compilers.llvm.clang.1_0;
				GCC_WARN_ABOUT_RETURN_TYPE = YES;
				GCC_WARN_UNINITIALIZED_AUTOS = YES;
				GCC_WARN_UNUSED_VARIABLE = YES;
				IPHONEOS_DEPLOYMENT_TARGET = 5.1;
				SDKROOT = iphoneos;
			};
			name = Debug;
		};
		760370E5165A088A003C1F08 /* Release */ = {
			isa = XCBuildConfiguration;
			buildSettings = {
				ALWAYS_SEARCH_USER_PATHS = NO;
				ARCHS = "$(ARCHS_STANDARD_32_BIT)";
				"CODE_SIGN_IDENTITY[sdk=iphoneos*]" = "iPhone Developer";
				COPY_PHASE_STRIP = YES;
				GCC_C_LANGUAGE_STANDARD = gnu99;
				GCC_VERSION = com.apple.compilers.llvm.clang.1_0;
				GCC_WARN_ABOUT_RETURN_TYPE = YES;
				GCC_WARN_UNINITIALIZED_AUTOS = YES;
				GCC_WARN_UNUSED_VARIABLE = YES;
				IPHONEOS_DEPLOYMENT_TARGET = 5.1;
				OTHER_CFLAGS = "-DNS_BLOCK_ASSERTIONS=1";
				SDKROOT = iphoneos;
				VALIDATE_PRODUCT = YES;
			};
			name = Release;
		};
		760370E7165A088A003C1F08 /* Debug */ = {
			isa = XCBuildConfiguration;
			buildSettings = {
				GCC_PRECOMPILE_PREFIX_HEADER = YES;
				GCC_PREFIX_HEADER = "DemonstrationApp/iOSTableViewDemo-Prefix.pch";
				INFOPLIST_FILE = "DemonstrationApp/iOSTableViewDemo-Info.plist";
				PRODUCT_NAME = iOSTableViewDemo;
				WRAPPER_EXTENSION = app;
			};
			name = Debug;
		};
		760370E8165A088A003C1F08 /* Release */ = {
			isa = XCBuildConfiguration;
			buildSettings = {
				GCC_PRECOMPILE_PREFIX_HEADER = YES;
				GCC_PREFIX_HEADER = "DemonstrationApp/iOSTableViewDemo-Prefix.pch";
				INFOPLIST_FILE = "DemonstrationApp/iOSTableViewDemo-Info.plist";
				PRODUCT_NAME = iOSTableViewDemo;
				WRAPPER_EXTENSION = app;
			};
			name = Release;
		};
/* End XCBuildConfiguration section */

/* Begin XCConfigurationList section */
		760370C2165A088A003C1F08 /* Build configuration list for PBXProject "iOSTableViewDemo" */ = {
			isa = XCConfigurationList;
			buildConfigurations = (
				760370E4165A088A003C1F08 /* Debug */,
				760370E5165A088A003C1F08 /* Release */,
			);
			defaultConfigurationIsVisible = 0;
			defaultConfigurationName = Release;
		};
		760370E6165A088A003C1F08 /* Build configuration list for PBXNativeTarget "iOSTableViewDemo" */ = {
			isa = XCConfigurationList;
			buildConfigurations = (
				760370E7165A088A003C1F08 /* Debug */,
				760370E8165A088A003C1F08 /* Release */,
			);
			defaultConfigurationIsVisible = 0;
			defaultConfigurationName = Release;
		};
/* End XCConfigurationList section */
	};
	rootObject = 760370BF165A088A003C1F08 /* Project object */;
}
